// !$*UTF8*$!
{
	archiveVersion = 1;
	classes = {
	};
	objectVersion = 46;
	objects = {

/* Begin PBXBuildFile section */
		88E838631CFCBD410065FDE7 /* AppDelegate.swift in Sources */ = {isa = PBXBuildFile; fileRef = 88E838621CFCBD410065FDE7 /* AppDelegate.swift */; };
		88E838651CFCBD410065FDE7 /* ViewController.swift in Sources */ = {isa = PBXBuildFile; fileRef = 88E838641CFCBD410065FDE7 /* ViewController.swift */; };
		88E838681CFCBD410065FDE7 /* Main.storyboard in Resources */ = {isa = PBXBuildFile; fileRef = 88E838661CFCBD410065FDE7 /* Main.storyboard */; };
		88E8386A1CFCBD410065FDE7 /* Assets.xcassets in Resources */ = {isa = PBXBuildFile; fileRef = 88E838691CFCBD410065FDE7 /* Assets.xcassets */; };
		88E8386D1CFCBD410065FDE7 /* LaunchScreen.storyboard in Resources */ = {isa = PBXBuildFile; fileRef = 88E8386B1CFCBD410065FDE7 /* LaunchScreen.storyboard */; };
		88E838781CFCBD410065FDE7 /* HW2_DropBox_CarouselTests.swift in Sources */ = {isa = PBXBuildFile; fileRef = 88E838771CFCBD410065FDE7 /* HW2_DropBox_CarouselTests.swift */; };
		88E838831CFCBD410065FDE7 /* HW2_DropBox_CarouselUITests.swift in Sources */ = {isa = PBXBuildFile; fileRef = 88E838821CFCBD410065FDE7 /* HW2_DropBox_CarouselUITests.swift */; };
		88E838911CFCBE380065FDE7 /* Common.swift in Sources */ = {isa = PBXBuildFile; fileRef = 88E838901CFCBE380065FDE7 /* Common.swift */; };
		88E838931CFCBE790065FDE7 /* IntroViewController.swift in Sources */ = {isa = PBXBuildFile; fileRef = 88E838921CFCBE790065FDE7 /* IntroViewController.swift */; };
		88E838951CFCC0E10065FDE7 /* LoginViewController.swift in Sources */ = {isa = PBXBuildFile; fileRef = 88E838941CFCC0E10065FDE7 /* LoginViewController.swift */; };
		88E838971CFCC9AC0065FDE7 /* TutorialViewController.swift in Sources */ = {isa = PBXBuildFile; fileRef = 88E838961CFCC9AC0065FDE7 /* TutorialViewController.swift */; };
		88E838991CFD073B0065FDE7 /* TimelineViewController.swift in Sources */ = {isa = PBXBuildFile; fileRef = 88E838981CFD073B0065FDE7 /* TimelineViewController.swift */; };
		88E8389B1CFD0A170065FDE7 /* ConversationsViewController.swift in Sources */ = {isa = PBXBuildFile; fileRef = 88E8389A1CFD0A170065FDE7 /* ConversationsViewController.swift */; };
		88E8389D1CFD1E8F0065FDE7 /* SettingsViewController.swift in Sources */ = {isa = PBXBuildFile; fileRef = 88E8389C1CFD1E8F0065FDE7 /* SettingsViewController.swift */; };
/* End PBXBuildFile section */

/* Begin PBXContainerItemProxy section */
		88E838741CFCBD410065FDE7 /* PBXContainerItemProxy */ = {
			isa = PBXContainerItemProxy;
			containerPortal = 88E838571CFCBD410065FDE7 /* Project object */;
			proxyType = 1;
			remoteGlobalIDString = 88E8385E1CFCBD410065FDE7;
			remoteInfo = "HW2-DropBox Carousel";
		};
		88E8387F1CFCBD410065FDE7 /* PBXContainerItemProxy */ = {
			isa = PBXContainerItemProxy;
			containerPortal = 88E838571CFCBD410065FDE7 /* Project object */;
			proxyType = 1;
			remoteGlobalIDString = 88E8385E1CFCBD410065FDE7;
			remoteInfo = "HW2-DropBox Carousel";
		};
/* End PBXContainerItemProxy section */

/* Begin PBXFileReference section */
		88E8385F1CFCBD410065FDE7 /* HW2-DropBox Carousel.app */ = {isa = PBXFileReference; explicitFileType = wrapper.application; includeInIndex = 0; path = "HW2-DropBox Carousel.app"; sourceTree = BUILT_PRODUCTS_DIR; };
		88E838621CFCBD410065FDE7 /* AppDelegate.swift */ = {isa = PBXFileReference; lastKnownFileType = sourcecode.swift; path = AppDelegate.swift; sourceTree = "<group>"; };
		88E838641CFCBD410065FDE7 /* ViewController.swift */ = {isa = PBXFileReference; lastKnownFileType = sourcecode.swift; path = ViewController.swift; sourceTree = "<group>"; };
		88E838671CFCBD410065FDE7 /* Base */ = {isa = PBXFileReference; lastKnownFileType = file.storyboard; name = Base; path = Base.lproj/Main.storyboard; sourceTree = "<group>"; };
		88E838691CFCBD410065FDE7 /* Assets.xcassets */ = {isa = PBXFileReference; lastKnownFileType = folder.assetcatalog; path = Assets.xcassets; sourceTree = "<group>"; };
		88E8386C1CFCBD410065FDE7 /* Base */ = {isa = PBXFileReference; lastKnownFileType = file.storyboard; name = Base; path = Base.lproj/LaunchScreen.storyboard; sourceTree = "<group>"; };
		88E8386E1CFCBD410065FDE7 /* Info.plist */ = {isa = PBXFileReference; lastKnownFileType = text.plist.xml; path = Info.plist; sourceTree = "<group>"; };
		88E838731CFCBD410065FDE7 /* HW2-DropBox CarouselTests.xctest */ = {isa = PBXFileReference; explicitFileType = wrapper.cfbundle; includeInIndex = 0; path = "HW2-DropBox CarouselTests.xctest"; sourceTree = BUILT_PRODUCTS_DIR; };
		88E838771CFCBD410065FDE7 /* HW2_DropBox_CarouselTests.swift */ = {isa = PBXFileReference; lastKnownFileType = sourcecode.swift; path = HW2_DropBox_CarouselTests.swift; sourceTree = "<group>"; };
		88E838791CFCBD410065FDE7 /* Info.plist */ = {isa = PBXFileReference; lastKnownFileType = text.plist.xml; path = Info.plist; sourceTree = "<group>"; };
		88E8387E1CFCBD410065FDE7 /* HW2-DropBox CarouselUITests.xctest */ = {isa = PBXFileReference; explicitFileType = wrapper.cfbundle; includeInIndex = 0; path = "HW2-DropBox CarouselUITests.xctest"; sourceTree = BUILT_PRODUCTS_DIR; };
		88E838821CFCBD410065FDE7 /* HW2_DropBox_CarouselUITests.swift */ = {isa = PBXFileReference; lastKnownFileType = sourcecode.swift; path = HW2_DropBox_CarouselUITests.swift; sourceTree = "<group>"; };
		88E838841CFCBD410065FDE7 /* Info.plist */ = {isa = PBXFileReference; lastKnownFileType = text.plist.xml; path = Info.plist; sourceTree = "<group>"; };
		88E838901CFCBE380065FDE7 /* Common.swift */ = {isa = PBXFileReference; fileEncoding = 4; lastKnownFileType = sourcecode.swift; path = Common.swift; sourceTree = "<group>"; };
		88E838921CFCBE790065FDE7 /* IntroViewController.swift */ = {isa = PBXFileReference; fileEncoding = 4; lastKnownFileType = sourcecode.swift; path = IntroViewController.swift; sourceTree = "<group>"; };
		88E838941CFCC0E10065FDE7 /* LoginViewController.swift */ = {isa = PBXFileReference; fileEncoding = 4; lastKnownFileType = sourcecode.swift; path = LoginViewController.swift; sourceTree = "<group>"; };
		88E838961CFCC9AC0065FDE7 /* TutorialViewController.swift */ = {isa = PBXFileReference; fileEncoding = 4; lastKnownFileType = sourcecode.swift; path = TutorialViewController.swift; sourceTree = "<group>"; };
		88E838981CFD073B0065FDE7 /* TimelineViewController.swift */ = {isa = PBXFileReference; fileEncoding = 4; lastKnownFileType = sourcecode.swift; path = TimelineViewController.swift; sourceTree = "<group>"; };
		88E8389A1CFD0A170065FDE7 /* ConversationsViewController.swift */ = {isa = PBXFileReference; fileEncoding = 4; lastKnownFileType = sourcecode.swift; path = ConversationsViewController.swift; sourceTree = "<group>"; };
		88E8389C1CFD1E8F0065FDE7 /* SettingsViewController.swift */ = {isa = PBXFileReference; fileEncoding = 4; lastKnownFileType = sourcecode.swift; path = SettingsViewController.swift; sourceTree = "<group>"; };
/* End PBXFileReference section */

/* Begin PBXFrameworksBuildPhase section */
		88E8385C1CFCBD410065FDE7 /* Frameworks */ = {
			isa = PBXFrameworksBuildPhase;
			buildActionMask = 2147483647;
			files = (
			);
			runOnlyForDeploymentPostprocessing = 0;
		};
		88E838701CFCBD410065FDE7 /* Frameworks */ = {
			isa = PBXFrameworksBuildPhase;
			buildActionMask = 2147483647;
			files = (
			);
			runOnlyForDeploymentPostprocessing = 0;
		};
		88E8387B1CFCBD410065FDE7 /* Frameworks */ = {
			isa = PBXFrameworksBuildPhase;
			buildActionMask = 2147483647;
			files = (
			);
			runOnlyForDeploymentPostprocessing = 0;
		};
/* End PBXFrameworksBuildPhase section */

/* Begin PBXGroup section */
		88E838561CFCBD410065FDE7 = {
			isa = PBXGroup;
			children = (
				88E838941CFCC0E10065FDE7 /* LoginViewController.swift */,
				88E838611CFCBD410065FDE7 /* HW2-DropBox Carousel */,
				88E838761CFCBD410065FDE7 /* HW2-DropBox CarouselTests */,
				88E838811CFCBD410065FDE7 /* HW2-DropBox CarouselUITests */,
				88E838601CFCBD410065FDE7 /* Products */,
			);
			sourceTree = "<group>";
		};
		88E838601CFCBD410065FDE7 /* Products */ = {
			isa = PBXGroup;
			children = (
				88E8385F1CFCBD410065FDE7 /* HW2-DropBox Carousel.app */,
				88E838731CFCBD410065FDE7 /* HW2-DropBox CarouselTests.xctest */,
				88E8387E1CFCBD410065FDE7 /* HW2-DropBox CarouselUITests.xctest */,
			);
			name = Products;
			sourceTree = "<group>";
		};
		88E838611CFCBD410065FDE7 /* HW2-DropBox Carousel */ = {
			isa = PBXGroup;
			children = (
				88E838621CFCBD410065FDE7 /* AppDelegate.swift */,
				88E838641CFCBD410065FDE7 /* ViewController.swift */,
				88E838661CFCBD410065FDE7 /* Main.storyboard */,
				88E838981CFD073B0065FDE7 /* TimelineViewController.swift */,
				88E8389A1CFD0A170065FDE7 /* ConversationsViewController.swift */,
				88E8389C1CFD1E8F0065FDE7 /* SettingsViewController.swift */,
				88E838961CFCC9AC0065FDE7 /* TutorialViewController.swift */,
				88E838921CFCBE790065FDE7 /* IntroViewController.swift */,
				88E838691CFCBD410065FDE7 /* Assets.xcassets */,
				88E838901CFCBE380065FDE7 /* Common.swift */,
				88E8386B1CFCBD410065FDE7 /* LaunchScreen.storyboard */,
				88E8386E1CFCBD410065FDE7 /* Info.plist */,
			);
			path = "HW2-DropBox Carousel";
			sourceTree = "<group>";
		};
		88E838761CFCBD410065FDE7 /* HW2-DropBox CarouselTests */ = {
			isa = PBXGroup;
			children = (
				88E838771CFCBD410065FDE7 /* HW2_DropBox_CarouselTests.swift */,
				88E838791CFCBD410065FDE7 /* Info.plist */,
			);
			path = "HW2-DropBox CarouselTests";
			sourceTree = "<group>";
		};
		88E838811CFCBD410065FDE7 /* HW2-DropBox CarouselUITests */ = {
			isa = PBXGroup;
			children = (
				88E838821CFCBD410065FDE7 /* HW2_DropBox_CarouselUITests.swift */,
				88E838841CFCBD410065FDE7 /* Info.plist */,
			);
			path = "HW2-DropBox CarouselUITests";
			sourceTree = "<group>";
		};
/* End PBXGroup section */

/* Begin PBXNativeTarget section */
		88E8385E1CFCBD410065FDE7 /* HW2-DropBox Carousel */ = {
			isa = PBXNativeTarget;
			buildConfigurationList = 88E838871CFCBD410065FDE7 /* Build configuration list for PBXNativeTarget "HW2-DropBox Carousel" */;
			buildPhases = (
				88E8385B1CFCBD410065FDE7 /* Sources */,
				88E8385C1CFCBD410065FDE7 /* Frameworks */,
				88E8385D1CFCBD410065FDE7 /* Resources */,
			);
			buildRules = (
			);
			dependencies = (
			);
			name = "HW2-DropBox Carousel";
			productName = "HW2-DropBox Carousel";
			productReference = 88E8385F1CFCBD410065FDE7 /* HW2-DropBox Carousel.app */;
			productType = "com.apple.product-type.application";
		};
		88E838721CFCBD410065FDE7 /* HW2-DropBox CarouselTests */ = {
			isa = PBXNativeTarget;
			buildConfigurationList = 88E8388A1CFCBD410065FDE7 /* Build configuration list for PBXNativeTarget "HW2-DropBox CarouselTests" */;
			buildPhases = (
				88E8386F1CFCBD410065FDE7 /* Sources */,
				88E838701CFCBD410065FDE7 /* Frameworks */,
				88E838711CFCBD410065FDE7 /* Resources */,
			);
			buildRules = (
			);
			dependencies = (
				88E838751CFCBD410065FDE7 /* PBXTargetDependency */,
			);
			name = "HW2-DropBox CarouselTests";
			productName = "HW2-DropBox CarouselTests";
			productReference = 88E838731CFCBD410065FDE7 /* HW2-DropBox CarouselTests.xctest */;
			productType = "com.apple.product-type.bundle.unit-test";
		};
		88E8387D1CFCBD410065FDE7 /* HW2-DropBox CarouselUITests */ = {
			isa = PBXNativeTarget;
			buildConfigurationList = 88E8388D1CFCBD410065FDE7 /* Build configuration list for PBXNativeTarget "HW2-DropBox CarouselUITests" */;
			buildPhases = (
				88E8387A1CFCBD410065FDE7 /* Sources */,
				88E8387B1CFCBD410065FDE7 /* Frameworks */,
				88E8387C1CFCBD410065FDE7 /* Resources */,
			);
			buildRules = (
			);
			dependencies = (
				88E838801CFCBD410065FDE7 /* PBXTargetDependency */,
			);
			name = "HW2-DropBox CarouselUITests";
			productName = "HW2-DropBox CarouselUITests";
			productReference = 88E8387E1CFCBD410065FDE7 /* HW2-DropBox CarouselUITests.xctest */;
			productType = "com.apple.product-type.bundle.ui-testing";
		};
/* End PBXNativeTarget section */

/* Begin PBXProject section */
		88E838571CFCBD410065FDE7 /* Project object */ = {
			isa = PBXProject;
			attributes = {
				LastSwiftUpdateCheck = 0720;
				LastUpgradeCheck = 0720;
				ORGANIZATIONNAME = "Stephen Davis";
				TargetAttributes = {
					88E8385E1CFCBD410065FDE7 = {
						CreatedOnToolsVersion = 7.2.1;
					};
					88E838721CFCBD410065FDE7 = {
						CreatedOnToolsVersion = 7.2.1;
						TestTargetID = 88E8385E1CFCBD410065FDE7;
					};
					88E8387D1CFCBD410065FDE7 = {
						CreatedOnToolsVersion = 7.2.1;
						TestTargetID = 88E8385E1CFCBD410065FDE7;
					};
				};
			};
			buildConfigurationList = 88E8385A1CFCBD410065FDE7 /* Build configuration list for PBXProject "HW2-DropBox Carousel" */;
			compatibilityVersion = "Xcode 3.2";
			developmentRegion = English;
			hasScannedForEncodings = 0;
			knownRegions = (
				en,
				Base,
			);
			mainGroup = 88E838561CFCBD410065FDE7;
			productRefGroup = 88E838601CFCBD410065FDE7 /* Products */;
			projectDirPath = "";
			projectRoot = "";
			targets = (
				88E8385E1CFCBD410065FDE7 /* HW2-DropBox Carousel */,
				88E838721CFCBD410065FDE7 /* HW2-DropBox CarouselTests */,
				88E8387D1CFCBD410065FDE7 /* HW2-DropBox CarouselUITests */,
			);
		};
/* End PBXProject section */

/* Begin PBXResourcesBuildPhase section */
		88E8385D1CFCBD410065FDE7 /* Resources */ = {
			isa = PBXResourcesBuildPhase;
			buildActionMask = 2147483647;
			files = (
				88E8386D1CFCBD410065FDE7 /* LaunchScreen.storyboard in Resources */,
				88E8386A1CFCBD410065FDE7 /* Assets.xcassets in Resources */,
				88E838681CFCBD410065FDE7 /* Main.storyboard in Resources */,
			);
			runOnlyForDeploymentPostprocessing = 0;
		};
		88E838711CFCBD410065FDE7 /* Resources */ = {
			isa = PBXResourcesBuildPhase;
			buildActionMask = 2147483647;
			files = (
			);
			runOnlyForDeploymentPostprocessing = 0;
		};
		88E8387C1CFCBD410065FDE7 /* Resources */ = {
			isa = PBXResourcesBuildPhase;
			buildActionMask = 2147483647;
			files = (
			);
			runOnlyForDeploymentPostprocessing = 0;
		};
/* End PBXResourcesBuildPhase section */

/* Begin PBXSourcesBuildPhase section */
		88E8385B1CFCBD410065FDE7 /* Sources */ = {
			isa = PBXSourcesBuildPhase;
			buildActionMask = 2147483647;
			files = (
				88E838651CFCBD410065FDE7 /* ViewController.swift in Sources */,
				88E838911CFCBE380065FDE7 /* Common.swift in Sources */,
				88E838631CFCBD410065FDE7 /* AppDelegate.swift in Sources */,
				88E8389B1CFD0A170065FDE7 /* ConversationsViewController.swift in Sources */,
				88E838951CFCC0E10065FDE7 /* LoginViewController.swift in Sources */,
				88E838991CFD073B0065FDE7 /* TimelineViewController.swift in Sources */,
				88E838971CFCC9AC0065FDE7 /* TutorialViewController.swift in Sources */,
				88E838931CFCBE790065FDE7 /* IntroViewController.swift in Sources */,
				88E8389D1CFD1E8F0065FDE7 /* SettingsViewController.swift in Sources */,
			);
			runOnlyForDeploymentPostprocessing = 0;
		};
		88E8386F1CFCBD410065FDE7 /* Sources */ = {
			isa = PBXSourcesBuildPhase;
			buildActionMask = 2147483647;
			files = (
				88E838781CFCBD410065FDE7 /* HW2_DropBox_CarouselTests.swift in Sources */,
			);
			runOnlyForDeploymentPostprocessing = 0;
		};
		88E8387A1CFCBD410065FDE7 /* Sources */ = {
			isa = PBXSourcesBuildPhase;
			buildActionMask = 2147483647;
			files = (
				88E838831CFCBD410065FDE7 /* HW2_DropBox_CarouselUITests.swift in Sources */,
			);
			runOnlyForDeploymentPostprocessing = 0;
		};
/* End PBXSourcesBuildPhase section */

/* Begin PBXTargetDependency section */
		88E838751CFCBD410065FDE7 /* PBXTargetDependency */ = {
			isa = PBXTargetDependency;
			target = 88E8385E1CFCBD410065FDE7 /* HW2-DropBox Carousel */;
			targetProxy = 88E838741CFCBD410065FDE7 /* PBXContainerItemProxy */;
		};
		88E838801CFCBD410065FDE7 /* PBXTargetDependency */ = {
			isa = PBXTargetDependency;
			target = 88E8385E1CFCBD410065FDE7 /* HW2-DropBox Carousel */;
			targetProxy = 88E8387F1CFCBD410065FDE7 /* PBXContainerItemProxy */;
		};
/* End PBXTargetDependency section */

/* Begin PBXVariantGroup section */
		88E838661CFCBD410065FDE7 /* Main.storyboard */ = {
			isa = PBXVariantGroup;
			children = (
				88E838671CFCBD410065FDE7 /* Base */,
			);
			name = Main.storyboard;
			sourceTree = "<group>";
		};
		88E8386B1CFCBD410065FDE7 /* LaunchScreen.storyboard */ = {
			isa = PBXVariantGroup;
			children = (
				88E8386C1CFCBD410065FDE7 /* Base */,
			);
			name = LaunchScreen.storyboard;
			sourceTree = "<group>";
		};
/* End PBXVariantGroup section */

/* Begin XCBuildConfiguration section */
		88E838851CFCBD410065FDE7 /* Debug */ = {
			isa = XCBuildConfiguration;
			buildSettings = {
				ALWAYS_SEARCH_USER_PATHS = NO;
				CLANG_CXX_LANGUAGE_STANDARD = "gnu++0x";
				CLANG_CXX_LIBRARY = "libc++";
				CLANG_ENABLE_MODULES = YES;
				CLANG_ENABLE_OBJC_ARC = YES;
				CLANG_WARN_BOOL_CONVERSION = YES;
				CLANG_WARN_CONSTANT_CONVERSION = YES;
				CLANG_WARN_DIRECT_OBJC_ISA_USAGE = YES_ERROR;
				CLANG_WARN_EMPTY_BODY = YES;
				CLANG_WARN_ENUM_CONVERSION = YES;
				CLANG_WARN_INT_CONVERSION = YES;
				CLANG_WARN_OBJC_ROOT_CLASS = YES_ERROR;
				CLANG_WARN_UNREACHABLE_CODE = YES;
				CLANG_WARN__DUPLICATE_METHOD_MATCH = YES;
				"CODE_SIGN_IDENTITY[sdk=iphoneos*]" = "iPhone Developer";
				COPY_PHASE_STRIP = NO;
				DEBUG_INFORMATION_FORMAT = dwarf;
				ENABLE_STRICT_OBJC_MSGSEND = YES;
				ENABLE_TESTABILITY = YES;
				GCC_C_LANGUAGE_STANDARD = gnu99;
				GCC_DYNAMIC_NO_PIC = NO;
				GCC_NO_COMMON_BLOCKS = YES;
				GCC_OPTIMIZATION_LEVEL = 0;
				GCC_PREPROCESSOR_DEFINITIONS = (
					"DEBUG=1",
					"$(inherited)",
				);
				GCC_WARN_64_TO_32_BIT_CONVERSION = YES;
				GCC_WARN_ABOUT_RETURN_TYPE = YES_ERROR;
				GCC_WARN_UNDECLARED_SELECTOR = YES;
				GCC_WARN_UNINITIALIZED_AUTOS = YES_AGGRESSIVE;
				GCC_WARN_UNUSED_FUNCTION = YES;
				GCC_WARN_UNUSED_VARIABLE = YES;
				IPHONEOS_DEPLOYMENT_TARGET = 9.2;
				MTL_ENABLE_DEBUG_INFO = YES;
				ONLY_ACTIVE_ARCH = YES;
				SDKROOT = iphoneos;
				SWIFT_OPTIMIZATION_LEVEL = "-Onone";
			};
			name = Debug;
		};
		88E838861CFCBD410065FDE7 /* Release */ = {
			isa = XCBuildConfiguration;
			buildSettings = {
				ALWAYS_SEARCH_USER_PATHS = NO;
				CLANG_CXX_LANGUAGE_STANDARD = "gnu++0x";
				CLANG_CXX_LIBRARY = "libc++";
				CLANG_ENABLE_MODULES = YES;
				CLANG_ENABLE_OBJC_ARC = YES;
				CLANG_WARN_BOOL_CONVERSION = YES;
				CLANG_WARN_CONSTANT_CONVERSION = YES;
				CLANG_WARN_DIRECT_OBJC_ISA_USAGE = YES_ERROR;
				CLANG_WARN_EMPTY_BODY = YES;
				CLANG_WARN_ENUM_CONVERSION = YES;
				CLANG_WARN_INT_CONVERSION = YES;
				CLANG_WARN_OBJC_ROOT_CLASS = YES_ERROR;
				CLANG_WARN_UNREACHABLE_CODE = YES;
				CLANG_WARN__DUPLICATE_METHOD_MATCH = YES;
				"CODE_SIGN_IDENTITY[sdk=iphoneos*]" = "iPhone Developer";
				COPY_PHASE_STRIP = NO;
				DEBUG_INFORMATION_FORMAT = "dwarf-with-dsym";
				ENABLE_NS_ASSERTIONS = NO;
				ENABLE_STRICT_OBJC_MSGSEND = YES;
				GCC_C_LANGUAGE_STANDARD = gnu99;
				GCC_NO_COMMON_BLOCKS = YES;
				GCC_WARN_64_TO_32_BIT_CONVERSION = YES;
				GCC_WARN_ABOUT_RETURN_TYPE = YES_ERROR;
				GCC_WARN_UNDECLARED_SELECTOR = YES;
				GCC_WARN_UNINITIALIZED_AUTOS = YES_AGGRESSIVE;
				GCC_WARN_UNUSED_FUNCTION = YES;
				GCC_WARN_UNUSED_VARIABLE = YES;
				IPHONEOS_DEPLOYMENT_TARGET = 9.2;
				MTL_ENABLE_DEBUG_INFO = NO;
				SDKROOT = iphoneos;
				VALIDATE_PRODUCT = YES;
			};
			name = Release;
		};
		88E838881CFCBD410065FDE7 /* Debug */ = {
			isa = XCBuildConfiguration;
			buildSettings = {
				ASSETCATALOG_COMPILER_APPICON_NAME = AppIcon;
				INFOPLIST_FILE = "HW2-DropBox Carousel/Info.plist";
				LD_RUNPATH_SEARCH_PATHS = "$(inherited) @executable_path/Frameworks";
				PRODUCT_BUNDLE_IDENTIFIER = "com.walmartlabs.HW2-DropBox-Carousel";
				PRODUCT_NAME = "$(TARGET_NAME)";
			};
			name = Debug;
		};
		88E838891CFCBD410065FDE7 /* Release */ = {
			isa = XCBuildConfiguration;
			buildSettings = {
				ASSETCATALOG_COMPILER_APPICON_NAME = AppIcon;
				INFOPLIST_FILE = "HW2-DropBox Carousel/Info.plist";
				LD_RUNPATH_SEARCH_PATHS = "$(inherited) @executable_path/Frameworks";
				PRODUCT_BUNDLE_IDENTIFIER = "com.walmartlabs.HW2-DropBox-Carousel";
				PRODUCT_NAME = "$(TARGET_NAME)";
			};
			name = Release;
		};
		88E8388B1CFCBD410065FDE7 /* Debug */ = {
			isa = XCBuildConfiguration;
			buildSettings = {
				BUNDLE_LOADER = "$(TEST_HOST)";
				INFOPLIST_FILE = "HW2-DropBox CarouselTests/Info.plist";
				LD_RUNPATH_SEARCH_PATHS = "$(inherited) @executable_path/Frameworks @loader_path/Frameworks";
				PRODUCT_BUNDLE_IDENTIFIER = "com.walmartlabs.HW2-DropBox-CarouselTests";
				PRODUCT_NAME = "$(TARGET_NAME)";
				TEST_HOST = "$(BUILT_PRODUCTS_DIR)/HW2-DropBox Carousel.app/HW2-DropBox Carousel";
			};
			name = Debug;
		};
		88E8388C1CFCBD410065FDE7 /* Release */ = {
			isa = XCBuildConfiguration;
			buildSettings = {
				BUNDLE_LOADER = "$(TEST_HOST)";
				INFOPLIST_FILE = "HW2-DropBox CarouselTests/Info.plist";
				LD_RUNPATH_SEARCH_PATHS = "$(inherited) @executable_path/Frameworks @loader_path/Frameworks";
				PRODUCT_BUNDLE_IDENTIFIER = "com.walmartlabs.HW2-DropBox-CarouselTests";
				PRODUCT_NAME = "$(TARGET_NAME)";
				TEST_HOST = "$(BUILT_PRODUCTS_DIR)/HW2-DropBox Carousel.app/HW2-DropBox Carousel";
			};
			name = Release;
		};
		88E8388E1CFCBD410065FDE7 /* Debug */ = {
			isa = XCBuildConfiguration;
			buildSettings = {
				INFOPLIST_FILE = "HW2-DropBox CarouselUITests/Info.plist";
				LD_RUNPATH_SEARCH_PATHS = "$(inherited) @executable_path/Frameworks @loader_path/Frameworks";
				PRODUCT_BUNDLE_IDENTIFIER = "com.walmartlabs.HW2-DropBox-CarouselUITests";
				PRODUCT_NAME = "$(TARGET_NAME)";
				TEST_TARGET_NAME = "HW2-DropBox Carousel";
				USES_XCTRUNNER = YES;
			};
			name = Debug;
		};
		88E8388F1CFCBD410065FDE7 /* Release */ = {
			isa = XCBuildConfiguration;
			buildSettings = {
				INFOPLIST_FILE = "HW2-DropBox CarouselUITests/Info.plist";
				LD_RUNPATH_SEARCH_PATHS = "$(inherited) @executable_path/Frameworks @loader_path/Frameworks";
				PRODUCT_BUNDLE_IDENTIFIER = "com.walmartlabs.HW2-DropBox-CarouselUITests";
				PRODUCT_NAME = "$(TARGET_NAME)";
				TEST_TARGET_NAME = "HW2-DropBox Carousel";
				USES_XCTRUNNER = YES;
			};
			name = Release;
		};
/* End XCBuildConfiguration section */

/* Begin XCConfigurationList section */
		88E8385A1CFCBD410065FDE7 /* Build configuration list for PBXProject "HW2-DropBox Carousel" */ = {
			isa = XCConfigurationList;
			buildConfigurations = (
				88E838851CFCBD410065FDE7 /* Debug */,
				88E838861CFCBD410065FDE7 /* Release */,
			);
			defaultConfigurationIsVisible = 0;
			defaultConfigurationName = Release;
		};
		88E838871CFCBD410065FDE7 /* Build configuration list for PBXNativeTarget "HW2-DropBox Carousel" */ = {
			isa = XCConfigurationList;
			buildConfigurations = (
				88E838881CFCBD410065FDE7 /* Debug */,
				88E838891CFCBD410065FDE7 /* Release */,
			);
			defaultConfigurationIsVisible = 0;
			defaultConfigurationName = Release;
		};
		88E8388A1CFCBD410065FDE7 /* Build configuration list for PBXNativeTarget "HW2-DropBox CarouselTests" */ = {
			isa = XCConfigurationList;
			buildConfigurations = (
				88E8388B1CFCBD410065FDE7 /* Debug */,
				88E8388C1CFCBD410065FDE7 /* Release */,
			);
			defaultConfigurationIsVisible = 0;
			defaultConfigurationName = Release;
		};
		88E8388D1CFCBD410065FDE7 /* Build configuration list for PBXNativeTarget "HW2-DropBox CarouselUITests" */ = {
			isa = XCConfigurationList;
			buildConfigurations = (
				88E8388E1CFCBD410065FDE7 /* Debug */,
				88E8388F1CFCBD410065FDE7 /* Release */,
			);
			defaultConfigurationIsVisible = 0;
			defaultConfigurationName = Release;
		};
/* End XCConfigurationList section */
	};
	rootObject = 88E838571CFCBD410065FDE7 /* Project object */;
}
